
Microsoft Visual Studio Solution File, Format Version 12.00
# Visual Studio Version 17
VisualStudioVersion = 17.4.33205.214
MinimumVisualStudioVersion = 10.0.40219.1
Project("{9A19103F-16F7-4668-BE54-9A1E7A4F7556}") = "Streamon", "src\Streamon\Streamon.csproj", "{51293C8E-00D1-4C90-B3D0-6C62438BC11B}"
EndProject
Project("{2150E333-8FDC-42A3-9474-1A3956D46DE8}") = "Solution Items", "Solution Items", "{244117FD-2822-4DE1-AF86-A4B363E833EE}"
	ProjectSection(SolutionItems) = preProject
		.editorconfig = .editorconfig
		.gitattributes = .gitattributes
		.gitignore = .gitignore
		LICENSE.txt = LICENSE.txt
		Directory.Build.props = Directory.Build.props
		README.md = README.md
	EndProjectSection
EndProject
Project("{9A19103F-16F7-4668-BE54-9A1E7A4F7556}") = "Streamon.Tests", "test\Streamon.Tests\Streamon.Tests.csproj", "{F11E4C2E-5671-48CC-A71A-9EF658B1A9E6}"
EndProject
Project("{9A19103F-16F7-4668-BE54-9A1E7A4F7556}") = "Streamon.Azure.CosmosDb", "src\Streamon.Azure.CosmosDb\Streamon.Azure.CosmosDb.csproj", "{B7E170B4-DED4-4F06-9CD4-06848F6B8CB0}"
EndProject
Project("{9A19103F-16F7-4668-BE54-9A1E7A4F7556}") = "Streamon.Azure.TableStorage", "src\Streamon.Azure.TableStorage\Streamon.Azure.TableStorage.csproj", "{76AF1C1F-2AE9-44E4-AD76-B8B3D1EED2F6}"
EndProject
Global
	GlobalSection(SolutionConfigurationPlatforms) = preSolution
		Debug|Any CPU = Debug|Any CPU
		Release|Any CPU = Release|Any CPU
	EndGlobalSection
	GlobalSection(ProjectConfigurationPlatforms) = postSolution
		{51293C8E-00D1-4C90-B3D0-6C62438BC11B}.Debug|Any CPU.ActiveCfg = Debug|Any CPU
		{51293C8E-00D1-4C90-B3D0-6C62438BC11B}.Debug|Any CPU.Build.0 = Debug|Any CPU
		{51293C8E-00D1-4C90-B3D0-6C62438BC11B}.Release|Any CPU.ActiveCfg = Release|Any CPU
		{51293C8E-00D1-4C90-B3D0-6C62438BC11B}.Release|Any CPU.Build.0 = Release|Any CPU
		{F11E4C2E-5671-48CC-A71A-9EF658B1A9E6}.Debug|Any CPU.ActiveCfg = Debug|Any CPU
		{F11E4C2E-5671-48CC-A71A-9EF658B1A9E6}.Debug|Any CPU.Build.0 = Debug|Any CPU
		{F11E4C2E-5671-48CC-A71A-9EF658B1A9E6}.Release|Any CPU.ActiveCfg = Release|Any CPU
		{F11E4C2E-5671-48CC-A71A-9EF658B1A9E6}.Release|Any CPU.Build.0 = Release|Any CPU
		{B7E170B4-DED4-4F06-9CD4-06848F6B8CB0}.Debug|Any CPU.ActiveCfg = Debug|Any CPU
		{B7E170B4-DED4-4F06-9CD4-06848F6B8CB0}.Debug|Any CPU.Build.0 = Debug|Any CPU
		{B7E170B4-DED4-4F06-9CD4-06848F6B8CB0}.Release|Any CPU.ActiveCfg = Release|Any CPU
		{B7E170B4-DED4-4F06-9CD4-06848F6B8CB0}.Release|Any CPU.Build.0 = Release|Any CPU
		{76AF1C1F-2AE9-44E4-AD76-B8B3D1EED2F6}.Debug|Any CPU.ActiveCfg = Debug|Any CPU
		{76AF1C1F-2AE9-44E4-AD76-B8B3D1EED2F6}.Debug|Any CPU.Build.0 = Debug|Any CPU
		{76AF1C1F-2AE9-44E4-AD76-B8B3D1EED2F6}.Release|Any CPU.ActiveCfg = Release|Any CPU
		{76AF1C1F-2AE9-44E4-AD76-B8B3D1EED2F6}.Release|Any CPU.Build.0 = Release|Any CPU
	EndGlobalSection
	GlobalSection(SolutionProperties) = preSolution
		HideSolutionNode = FALSE
	EndGlobalSection
	GlobalSection(ExtensibilityGlobals) = postSolution
		SolutionGuid = {F0B0C09A-9668-4463-A82C-E4F285C40CE6}
	EndGlobalSection
EndGlobal
